("quicklisp" .
 (:class qlot/source/dist:source-dist
  :initargs (:distribution "http://beta.quicklisp.org/dist/quicklisp.txt" :%version :latest)
  :version "2023-10-21"))
("ultralisp" .
 (:class qlot/source/dist:source-dist
  :initargs (:distribution "http://dist.ultralisp.org/" :%version :latest)
  :version "20240526165000"))
("staticl" .
 (:class qlot/source/github:source-github
  :initargs (:repos "40ants/staticl" :ref nil :branch nil :tag nil)
  :version "github-93984c57696a54c490a2e91dd8ac19dd2f4fe68e"))
